<?xml version="1.0" encoding="utf-8"?>
<Project ToolsVersion="4.0" xmlns="http://schemas.microsoft.com/developer/msbuild/2003">
  <ItemGroup>
    <Filter Include="Source Files">
      <UniqueIdentifier>{4FC737F1-C7A5-4376-A066-2A32D752A2FF}</UniqueIdentifier>
      <Extensions>cpp;c;cc;cxx;c++;cppm;ixx;def;odl;idl;hpj;bat;asm;asmx</Extensions>
    </Filter>
    <Filter Include="Header Files">
      <UniqueIdentifier>{93995380-89BD-4b04-88EB-625FBE52EBFB}</UniqueIdentifier>
      <Extensions>h;hh;hpp;hxx;h++;hm;inl;inc;ipp;xsd</Extensions>
    </Filter>
    <Filter Include="Resource Files">
      <UniqueIdentifier>{67DA6AB6-F800-4c08-8B7A-83BB121AAD01}</UniqueIdentifier>
      <Extensions>rc;ico;cur;bmp;dlg;rc2;rct;bin;rgs;gif;jpg;jpeg;jpe;resx;tiff;tif;png;wav;mfcribbon-ms</Extensions>
    </Filter>
  </ItemGroup>
  <ItemGroup>
    <ClCompile Include="Project.cpp">
      <Filter>Source Files</Filter>
    </ClCompile>
    <ClCompile Include="Parameters_for_street.h">
      <Filter>Source Files</Filter>
    </ClCompile>
    <ClCompile Include="Cell_on_map.h">
      <Filter>Source Files</Filter>
    </ClCompile>
    <ClCompile Include="Type_of_object.h">
      <Filter>Source Files</Filter>
    </ClCompile>
    <ClCompile Include="Road_on_map.h">
      <Filter>Source Files</Filter>
    </ClCompile>
    <ClCompile Include="End_of_street.h">
      <Filter>Source Files</Filter>
    </ClCompile>
    <ClCompile Include="Perlin_noise.cpp">
      <Filter>Source Files</Filter>
    </ClCompile>
    <ClCompile Include="City.cpp">
      <Filter>Source Files</Filter>
    </ClCompile>
    <ClCompile Include="Map.cpp">
      <Filter>Source Files</Filter>
    </ClCompile>
    <ClCompile Include="Street_cluster_spawn.cpp">
      <Filter>Source Files</Filter>
    </ClCompile>
    <ClCompile Include="Building_cluster_spawn.cpp">
      <Filter>Source Files</Filter>
    </ClCompile>
    <ClCompile Include="Building_cluster.cpp">
      <Filter>Source Files</Filter>
    </ClCompile>
    <ClCompile Include="Street_cluster.cpp">
      <Filter>Source Files</Filter>
    </ClCompile>
    <ClCompile Include="Street_component.cpp">
      <Filter>Source Files</Filter>
    </ClCompile>
    <ClCompile Include="Building_component.cpp">
      <Filter>Source Files</Filter>
    </ClCompile>
    <ClCompile Include="Building_on_map.cpp">
      <Filter>Source Files</Filter>
    </ClCompile>
    <ClCompile Include="Cell_on_map.cpp">
      <Filter>Source Files</Filter>
    </ClCompile>
    <ClCompile Include="Clutter_cluster.cpp">
      <Filter>Source Files</Filter>
    </ClCompile>
    <ClCompile Include="Clutter_cluster_spawn.cpp">
      <Filter>Source Files</Filter>
    </ClCompile>
    <ClCompile Include="Clutter_component.cpp">
      <Filter>Source Files</Filter>
    </ClCompile>
    <ClCompile Include="Clutter_on_map.cpp">
      <Filter>Source Files</Filter>
    </ClCompile>
    <ClCompile Include="End_of_street.cpp">
      <Filter>Source Files</Filter>
    </ClCompile>
    <ClCompile Include="Parameters_base.cpp">
      <Filter>Source Files</Filter>
    </ClCompile>
    <ClCompile Include="Colour.cpp">
      <Filter>Source Files</Filter>
    </ClCompile>
    <ClCompile Include="Parameters_for_building.cpp">
      <Filter>Source Files</Filter>
    </ClCompile>
    <ClCompile Include="Parameters_for_city.cpp">
      <Filter>Source Files</Filter>
    </ClCompile>
    <ClCompile Include="Parameters_for_clutter.cpp">
      <Filter>Source Files</Filter>
    </ClCompile>
    <ClCompile Include="Parameters_for_road.cpp">
      <Filter>Source Files</Filter>
    </ClCompile>
    <ClCompile Include="Parameters_for_street.cpp">
      <Filter>Source Files</Filter>
    </ClCompile>
    <ClCompile Include="Position.cpp">
      <Filter>Source Files</Filter>
    </ClCompile>
    <ClCompile Include="Road_on_map.cpp">
      <Filter>Source Files</Filter>
    </ClCompile>
    <ClCompile Include="Size_dimensional.cpp">
      <Filter>Source Files</Filter>
    </ClCompile>
    <ClCompile Include="Street_on_map.cpp">
      <Filter>Source Files</Filter>
    </ClCompile>
  </ItemGroup>
  <ItemGroup>
    <ClInclude Include="Size_dimensional.h">
      <Filter>Source Files</Filter>
    </ClInclude>
    <ClInclude Include="Position.h">
      <Filter>Source Files</Filter>
    </ClInclude>
    <ClInclude Include="Parameters_for_city.h">
      <Filter>Source Files</Filter>
    </ClInclude>
    <ClInclude Include="Parameters_for_clutter.h">
      <Filter>Source Files</Filter>
    </ClInclude>
    <ClInclude Include="Parameters_for_road.h">
      <Filter>Source Files</Filter>
    </ClInclude>
    <ClInclude Include="Parameters_base.h">
      <Filter>Source Files</Filter>
    </ClInclude>
    <ClInclude Include="Parameters_for_building.h">
      <Filter>Source Files</Filter>
    </ClInclude>
    <ClInclude Include="Direction.h">
      <Filter>Source Files</Filter>
    </ClInclude>
    <ClInclude Include="Type_of_clutter.h">
      <Filter>Source Files</Filter>
    </ClInclude>
    <ClInclude Include="Clutter_on_map.h">
      <Filter>Source Files</Filter>
    </ClInclude>
    <ClInclude Include="Type_of_road.h">
      <Filter>Source Files</Filter>
    </ClInclude>
    <ClInclude Include="City.h">
      <Filter>Source Files</Filter>
    </ClInclude>
    <ClInclude Include="Map.h">
      <Filter>Source Files</Filter>
    </ClInclude>
    <ClInclude Include="Street_on_map.h">
      <Filter>Source Files</Filter>
    </ClInclude>
    <ClInclude Include="Street_component.h">
      <Filter>Source Files</Filter>
    </ClInclude>
    <ClInclude Include="Street_cluster.h">
      <Filter>Source Files</Filter>
    </ClInclude>
    <ClInclude Include="Street_cluster_spawn.h">
      <Filter>Source Files</Filter>
    </ClInclude>
    <ClInclude Include="Building_on_map.h">
      <Filter>Source Files</Filter>
    </ClInclude>
    <ClInclude Include="Building_component.h">
      <Filter>Source Files</Filter>
    </ClInclude>
    <ClInclude Include="Building_cluster.h">
      <Filter>Source Files</Filter>
    </ClInclude>
    <ClInclude Include="Building_cluster_spawn.h">
      <Filter>Source Files</Filter>
    </ClInclude>
    <ClInclude Include="Clutter_component.h">
      <Filter>Source Files</Filter>
    </ClInclude>
    <ClInclude Include="Clutter_cluster.h">
      <Filter>Source Files</Filter>
    </ClInclude>
    <ClInclude Include="Clutter_cluster_spawn.h">
      <Filter>Source Files</Filter>
    </ClInclude>
    <ClInclude Include="Perlin_noise.h">
      <Filter>Source Files</Filter>
    </ClInclude>
    <ClInclude Include="Colour.h">
      <Filter>Source Files</Filter>
    </ClInclude>
  </ItemGroup>
</Project>